
Microsoft Visual Studio Solution File, Format Version 12.00
# Visual Studio Version 17
VisualStudioVersion = 17.9.34728.123
MinimumVisualStudioVersion = 10.0.40219.1
Project("{FAE04EC0-301F-11D3-BF4B-00C04F79EFBC}") = "Calculator", "Calculator\Calculator.csproj", "{23828FBD-A90E-4AB0-AB32-3ED4EF7F5A01}"
EndProject
Global
	GlobalSection(SolutionConfigurationPlatforms) = preSolution
		Debug|Any CPU = Debug|Any CPU
		Release|Any CPU = Release|Any CPU
	EndGlobalSection
	GlobalSection(ProjectConfigurationPlatforms) = postSolution
		{23828FBD-A90E-4AB0-AB32-3ED4EF7F5A01}.Debug|Any CPU.ActiveCfg = Debug|Any CPU
		{23828FBD-A90E-4AB0-AB32-3ED4EF7F5A01}.Debug|Any CPU.Build.0 = Debug|Any CPU
		{23828FBD-A90E-4AB0-AB32-3ED4EF7F5A01}.Release|Any CPU.ActiveCfg = Release|Any CPU
		{23828FBD-A90E-4AB0-AB32-3ED4EF7F5A01}.Release|Any CPU.Build.0 = Release|Any CPU
	EndGlobalSection
	GlobalSection(SolutionProperties) = preSolution
		HideSolutionNode = FALSE
	EndGlobalSection
	GlobalSection(ExtensibilityGlobals) = postSolution
		SolutionGuid = {C5674BEF-18B7-4EDF-8E7A-2F2708F8CEF0}
	EndGlobalSection
EndGlobal
